<Solution>
  <Folder Name="/src/">
    <Project Path="src/Authly.Core/Authly.Core.csproj" />
    <Project Path="src/Authly.Infrastructure/Authly.Infrastructure.csproj" />
    <Project Path="src/Authly.Modules/Authly.Modules.csproj" />
    <Project Path="src/Authly.Web/Authly.Web.csproj" />
  </Folder>
  <Folder Name="/tests/">
    <Project Path="tests/Authly.Tests/Authly.Tests.csproj" />
  </Folder>
</Solution>
